
Microsoft Visual Studio Solution File, Format Version 12.00
# Visual Studio Version 17
VisualStudioVersion = 17.1.32328.378
MinimumVisualStudioVersion = 10.0.40219.1
Project("{FAE04EC0-301F-11D3-BF4B-00C04F79EFBC}") = "Dice Roller", "Dice Roller\Dice Roller.csproj", "{21AB101D-4FC5-4A20-93DE-3F65575FA5BE}"
EndProject
Global
	GlobalSection(SolutionConfigurationPlatforms) = preSolution
		Debug|Any CPU = Debug|Any CPU
		Release|Any CPU = Release|Any CPU
	EndGlobalSection
	GlobalSection(ProjectConfigurationPlatforms) = postSolution
		{21AB101D-4FC5-4A20-93DE-3F65575FA5BE}.Debug|Any CPU.ActiveCfg = Debug|Any CPU
		{21AB101D-4FC5-4A20-93DE-3F65575FA5BE}.Debug|Any CPU.Build.0 = Debug|Any CPU
		{21AB101D-4FC5-4A20-93DE-3F65575FA5BE}.Release|Any CPU.ActiveCfg = Release|Any CPU
		{21AB101D-4FC5-4A20-93DE-3F65575FA5BE}.Release|Any CPU.Build.0 = Release|Any CPU
	EndGlobalSection
	GlobalSection(SolutionProperties) = preSolution
		HideSolutionNode = FALSE
	EndGlobalSection
	GlobalSection(ExtensibilityGlobals) = postSolution
		SolutionGuid = {21CC1455-1D28-4542-96F2-65745BE20802}
	EndGlobalSection
EndGlobal
